{
  "object": {
    "pins": [
      {
        "package": "swift-argument-parser",
        "repositoryURL": "https://github.com/apple/swift-argument-parser.git",
        "state": {
          "branch": null,
          "revision": "e394bf350e38cb100b6bc4172834770ede1b7232",
          "version": "1.0.3"
        }
      },
      {
        "package": "SwiftSyntax",
        "repositoryURL": "https://github.com/apple/swift-syntax.git",
        "state": {
          "branch": "release/5.5",
          "revision": "2ca29758ed04c0a209221db59f922d4faf539f03",
          "version": null
        }
      },
      {
        "package": "SwiftSemantics",
        "repositoryURL": "https://github.com/SwiftDocOrg/SwiftSemantics",
        "state": {
          "branch": null,
          "revision": "7690606eec5db6b089d6a5d252013ee07cade323",
          "version": null
        }
      }
    ]
  },
  "version": 1
}
